{
  "requires": true,
  "lockfileVersion": 1,
  "dependencies": {
    "ag-grid-enterprise": {
      "version": "21.2.1",
      "resolved": "https://registry.npmjs.org/ag-grid-enterprise/-/ag-grid-enterprise-21.2.1.tgz",
      "integrity": "sha512-4be91bGte+n26Lzuvxz2i9NNlNnrNGZhxPxmeLdRkJP8exrY9J9iuaytCWXluLy8jxWajFpyopEU6orXtxpkVw=="
    }
  }
}
